
Microsoft Visual Studio Solution File, Format Version 12.00
# Visual Studio Version 17
VisualStudioVersion = 17.0.31903.59
MinimumVisualStudioVersion = 10.0.40219.1
Project("{FAE04EC0-301F-11D3-BF4B-00C04F79EFBC}") = "MISPowerTools.Library", "MISPowerTools.Library\MISPowerTools.Library.csproj", "{D6143C3B-0E78-489B-B76C-CD36A85D1415}"
EndProject
Project("{FAE04EC0-301F-11D3-BF4B-00C04F79EFBC}") = "MISPowerTools.Internals", "MISPowerTools.Internals\MISPowerTools.Internals.csproj", "{6AD6EF89-C07D-4612-AEE9-6F6A718A7487}"
EndProject
Project("{FAE04EC0-301F-11D3-BF4B-00C04F79EFBC}") = "MISPowerTools.Tests", "MISPowerTools.Tests\MISPowerTools.Tests.csproj", "{081EB579-BAF6-4965-B779-EC9A2BA5B6C9}"
EndProject
Global
	GlobalSection(SolutionConfigurationPlatforms) = preSolution
		Debug|Any CPU = Debug|Any CPU
		Release|Any CPU = Release|Any CPU
	EndGlobalSection
	GlobalSection(ProjectConfigurationPlatforms) = postSolution
		{D6143C3B-0E78-489B-B76C-CD36A85D1415}.Debug|Any CPU.ActiveCfg = Debug|Any CPU
		{D6143C3B-0E78-489B-B76C-CD36A85D1415}.Debug|Any CPU.Build.0 = Debug|Any CPU
		{D6143C3B-0E78-489B-B76C-CD36A85D1415}.Release|Any CPU.ActiveCfg = Release|Any CPU
		{D6143C3B-0E78-489B-B76C-CD36A85D1415}.Release|Any CPU.Build.0 = Release|Any CPU
		{6AD6EF89-C07D-4612-AEE9-6F6A718A7487}.Debug|Any CPU.ActiveCfg = Debug|Any CPU
		{6AD6EF89-C07D-4612-AEE9-6F6A718A7487}.Debug|Any CPU.Build.0 = Debug|Any CPU
		{6AD6EF89-C07D-4612-AEE9-6F6A718A7487}.Release|Any CPU.ActiveCfg = Release|Any CPU
		{6AD6EF89-C07D-4612-AEE9-6F6A718A7487}.Release|Any CPU.Build.0 = Release|Any CPU
		{081EB579-BAF6-4965-B779-EC9A2BA5B6C9}.Debug|Any CPU.ActiveCfg = Debug|Any CPU
		{081EB579-BAF6-4965-B779-EC9A2BA5B6C9}.Debug|Any CPU.Build.0 = Debug|Any CPU
		{081EB579-BAF6-4965-B779-EC9A2BA5B6C9}.Release|Any CPU.ActiveCfg = Release|Any CPU
		{081EB579-BAF6-4965-B779-EC9A2BA5B6C9}.Release|Any CPU.Build.0 = Release|Any CPU
	EndGlobalSection
	GlobalSection(SolutionProperties) = preSolution
		HideSolutionNode = FALSE
	EndGlobalSection
	GlobalSection(ExtensibilityGlobals) = postSolution
		SolutionGuid = {177632F3-11A5-4D01-A781-A4126082FFBB}
	EndGlobalSection
EndGlobal
